
Microsoft Visual Studio Solution File, Format Version 12.00
Project("{FAE04EC0-301F-11D3-BF4B-00C04F79EFBC}") = "CrypticPortfolioConfiguration", "CrypticPortfolioConfiguration\CrypticPortfolioConfiguration.csproj", "{4774E337-73FD-4DEC-97FA-5489DDE3654B}"
EndProject
Project("{FAE04EC0-301F-11D3-BF4B-00C04F79EFBC}") = "Cryptic Domain", "cryptic-domain\Cryptic Domain\Cryptic Domain.csproj", "{EF16B4C2-0C87-4BC5-BC32-603BACA46985}"
EndProject
Project("{FAE04EC0-301F-11D3-BF4B-00C04F79EFBC}") = "CrypticPortfolioConfigurationTests", "CrypticPortfolioConfigurationTests\CrypticPortfolioConfigurationTests.csproj", "{D2EFCDFF-575D-49BF-B91E-CC5208FAFE4F}"
EndProject
Global
	GlobalSection(SolutionConfigurationPlatforms) = preSolution
		Debug|Any CPU = Debug|Any CPU
		Release|Any CPU = Release|Any CPU
	EndGlobalSection
	GlobalSection(ProjectConfigurationPlatforms) = postSolution
		{4774E337-73FD-4DEC-97FA-5489DDE3654B}.Debug|Any CPU.ActiveCfg = Debug|Any CPU
		{4774E337-73FD-4DEC-97FA-5489DDE3654B}.Debug|Any CPU.Build.0 = Debug|Any CPU
		{4774E337-73FD-4DEC-97FA-5489DDE3654B}.Release|Any CPU.ActiveCfg = Release|Any CPU
		{4774E337-73FD-4DEC-97FA-5489DDE3654B}.Release|Any CPU.Build.0 = Release|Any CPU
		{EF16B4C2-0C87-4BC5-BC32-603BACA46985}.Debug|Any CPU.ActiveCfg = Debug|Any CPU
		{EF16B4C2-0C87-4BC5-BC32-603BACA46985}.Debug|Any CPU.Build.0 = Debug|Any CPU
		{EF16B4C2-0C87-4BC5-BC32-603BACA46985}.Release|Any CPU.ActiveCfg = Release|Any CPU
		{EF16B4C2-0C87-4BC5-BC32-603BACA46985}.Release|Any CPU.Build.0 = Release|Any CPU
		{D2EFCDFF-575D-49BF-B91E-CC5208FAFE4F}.Debug|Any CPU.ActiveCfg = Debug|Any CPU
		{D2EFCDFF-575D-49BF-B91E-CC5208FAFE4F}.Debug|Any CPU.Build.0 = Debug|Any CPU
		{D2EFCDFF-575D-49BF-B91E-CC5208FAFE4F}.Release|Any CPU.ActiveCfg = Release|Any CPU
		{D2EFCDFF-575D-49BF-B91E-CC5208FAFE4F}.Release|Any CPU.Build.0 = Release|Any CPU
	EndGlobalSection
EndGlobal
